// !$*UTF8*$!
{
	archiveVersion = 1;
	classes = {
	};
	objectVersion = 56;
	objects = {

/* Begin PBXBuildFile section */
		DB1F9CA2299556FB00C2482A /* ViewControllerCounter.swift in Sources */ = {isa = PBXBuildFile; fileRef = DB1F9CA1299556FB00C2482A /* ViewControllerCounter.swift */; };
		DB39A5E429C34D11002FF674 /* HomeViewController.swift in Sources */ = {isa = PBXBuildFile; fileRef = DB39A5E329C34D11002FF674 /* HomeViewController.swift */; };
		DB9F111D2979987900AD0C97 /* AppDelegate.swift in Sources */ = {isa = PBXBuildFile; fileRef = DB9F111C2979987900AD0C97 /* AppDelegate.swift */; };
		DB9F111F2979987900AD0C97 /* SceneDelegate.swift in Sources */ = {isa = PBXBuildFile; fileRef = DB9F111E2979987900AD0C97 /* SceneDelegate.swift */; };
		DB9F11212979987900AD0C97 /* ViewController.swift in Sources */ = {isa = PBXBuildFile; fileRef = DB9F11202979987900AD0C97 /* ViewController.swift */; };
		DB9F11242979987900AD0C97 /* Main.storyboard in Resources */ = {isa = PBXBuildFile; fileRef = DB9F11222979987900AD0C97 /* Main.storyboard */; };
		DB9F11262979987B00AD0C97 /* Assets.xcassets in Resources */ = {isa = PBXBuildFile; fileRef = DB9F11252979987B00AD0C97 /* Assets.xcassets */; };
		DB9F11292979987B00AD0C97 /* LaunchScreen.storyboard in Resources */ = {isa = PBXBuildFile; fileRef = DB9F11272979987B00AD0C97 /* LaunchScreen.storyboard */; };
		DB9F11342979987C00AD0C97 /* idm362_dpa35Tests.swift in Sources */ = {isa = PBXBuildFile; fileRef = DB9F11332979987C00AD0C97 /* idm362_dpa35Tests.swift */; };
		DB9F113E2979987C00AD0C97 /* idm362_dpa35UITests.swift in Sources */ = {isa = PBXBuildFile; fileRef = DB9F113D2979987C00AD0C97 /* idm362_dpa35UITests.swift */; };
		DB9F11402979987C00AD0C97 /* idm362_dpa35UITestsLaunchTests.swift in Sources */ = {isa = PBXBuildFile; fileRef = DB9F113F2979987C00AD0C97 /* idm362_dpa35UITestsLaunchTests.swift */; };
		DBA9247929C2593F00233F12 /* ViewControllerLifePage.swift in Sources */ = {isa = PBXBuildFile; fileRef = DBA9247829C2593F00233F12 /* ViewControllerLifePage.swift */; };
		DBE4817329B4FAB200C20915 /* ViewControllerCounterThree.swift in Sources */ = {isa = PBXBuildFile; fileRef = DBE4817229B4FAB200C20915 /* ViewControllerCounterThree.swift */; };
		DBE4817529B5452D00C20915 /* ViewControllerCounterTwo.swift in Sources */ = {isa = PBXBuildFile; fileRef = DBE4817429B5452D00C20915 /* ViewControllerCounterTwo.swift */; };
/* End PBXBuildFile section */

/* Begin PBXContainerItemProxy section */
		DB9F11302979987C00AD0C97 /* PBXContainerItemProxy */ = {
			isa = PBXContainerItemProxy;
			containerPortal = DB9F11112979987900AD0C97 /* Project object */;
			proxyType = 1;
			remoteGlobalIDString = DB9F11182979987900AD0C97;
			remoteInfo = "idm362-dpa35";
		};
		DB9F113A2979987C00AD0C97 /* PBXContainerItemProxy */ = {
			isa = PBXContainerItemProxy;
			containerPortal = DB9F11112979987900AD0C97 /* Project object */;
			proxyType = 1;
			remoteGlobalIDString = DB9F11182979987900AD0C97;
			remoteInfo = "idm362-dpa35";
		};
/* End PBXContainerItemProxy section */

/* Begin PBXFileReference section */
		DB1F9CA1299556FB00C2482A /* ViewControllerCounter.swift */ = {isa = PBXFileReference; lastKnownFileType = sourcecode.swift; path = ViewControllerCounter.swift; sourceTree = "<group>"; };
		DB39A5E329C34D11002FF674 /* HomeViewController.swift */ = {isa = PBXFileReference; lastKnownFileType = sourcecode.swift; path = HomeViewController.swift; sourceTree = "<group>"; };
		DB9F11192979987900AD0C97 /* idm362-dpa35.app */ = {isa = PBXFileReference; explicitFileType = wrapper.application; includeInIndex = 0; path = "idm362-dpa35.app"; sourceTree = BUILT_PRODUCTS_DIR; };
		DB9F111C2979987900AD0C97 /* AppDelegate.swift */ = {isa = PBXFileReference; lastKnownFileType = sourcecode.swift; path = AppDelegate.swift; sourceTree = "<group>"; };
		DB9F111E2979987900AD0C97 /* SceneDelegate.swift */ = {isa = PBXFileReference; lastKnownFileType = sourcecode.swift; path = SceneDelegate.swift; sourceTree = "<group>"; };
		DB9F11202979987900AD0C97 /* ViewController.swift */ = {isa = PBXFileReference; lastKnownFileType = sourcecode.swift; path = ViewController.swift; sourceTree = "<group>"; };
		DB9F11232979987900AD0C97 /* Base */ = {isa = PBXFileReference; lastKnownFileType = file.storyboard; name = Base; path = Base.lproj/Main.storyboard; sourceTree = "<group>"; };
		DB9F11252979987B00AD0C97 /* Assets.xcassets */ = {isa = PBXFileReference; lastKnownFileType = folder.assetcatalog; path = Assets.xcassets; sourceTree = "<group>"; };
		DB9F11282979987B00AD0C97 /* Base */ = {isa = PBXFileReference; lastKnownFileType = file.storyboard; name = Base; path = Base.lproj/LaunchScreen.storyboard; sourceTree = "<group>"; };
		DB9F112A2979987B00AD0C97 /* Info.plist */ = {isa = PBXFileReference; lastKnownFileType = text.plist.xml; path = Info.plist; sourceTree = "<group>"; };
		DB9F112F2979987C00AD0C97 /* idm362-dpa35Tests.xctest */ = {isa = PBXFileReference; explicitFileType = wrapper.cfbundle; includeInIndex = 0; path = "idm362-dpa35Tests.xctest"; sourceTree = BUILT_PRODUCTS_DIR; };
		DB9F11332979987C00AD0C97 /* idm362_dpa35Tests.swift */ = {isa = PBXFileReference; lastKnownFileType = sourcecode.swift; path = idm362_dpa35Tests.swift; sourceTree = "<group>"; };
		DB9F11392979987C00AD0C97 /* idm362-dpa35UITests.xctest */ = {isa = PBXFileReference; explicitFileType = wrapper.cfbundle; includeInIndex = 0; path = "idm362-dpa35UITests.xctest"; sourceTree = BUILT_PRODUCTS_DIR; };
		DB9F113D2979987C00AD0C97 /* idm362_dpa35UITests.swift */ = {isa = PBXFileReference; lastKnownFileType = sourcecode.swift; path = idm362_dpa35UITests.swift; sourceTree = "<group>"; };
		DB9F113F2979987C00AD0C97 /* idm362_dpa35UITestsLaunchTests.swift */ = {isa = PBXFileReference; lastKnownFileType = sourcecode.swift; path = idm362_dpa35UITestsLaunchTests.swift; sourceTree = "<group>"; };
		DBA9247829C2593F00233F12 /* ViewControllerLifePage.swift */ = {isa = PBXFileReference; lastKnownFileType = sourcecode.swift; path = ViewControllerLifePage.swift; sourceTree = "<group>"; };
		DBE4817229B4FAB200C20915 /* ViewControllerCounterThree.swift */ = {isa = PBXFileReference; lastKnownFileType = sourcecode.swift; path = ViewControllerCounterThree.swift; sourceTree = "<group>"; };
		DBE4817429B5452D00C20915 /* ViewControllerCounterTwo.swift */ = {isa = PBXFileReference; lastKnownFileType = sourcecode.swift; path = ViewControllerCounterTwo.swift; sourceTree = "<group>"; };
/* End PBXFileReference section */

/* Begin PBXFrameworksBuildPhase section */
		DB9F11162979987900AD0C97 /* Frameworks */ = {
			isa = PBXFrameworksBuildPhase;
			buildActionMask = 2147483647;
			files = (
			);
			runOnlyForDeploymentPostprocessing = 0;
		};
		DB9F112C2979987C00AD0C97 /* Frameworks */ = {
			isa = PBXFrameworksBuildPhase;
			buildActionMask = 2147483647;
			files = (
			);
			runOnlyForDeploymentPostprocessing = 0;
		};
		DB9F11362979987C00AD0C97 /* Frameworks */ = {
			isa = PBXFrameworksBuildPhase;
			buildActionMask = 2147483647;
			files = (
			);
			runOnlyForDeploymentPostprocessing = 0;
		};
/* End PBXFrameworksBuildPhase section */

/* Begin PBXGroup section */
		DB9F11102979987900AD0C97 = {
			isa = PBXGroup;
			children = (
				DB9F111B2979987900AD0C97 /* idm362-dpa35 */,
				DB9F11322979987C00AD0C97 /* idm362-dpa35Tests */,
				DB9F113C2979987C00AD0C97 /* idm362-dpa35UITests */,
				DB9F111A2979987900AD0C97 /* Products */,
			);
			sourceTree = "<group>";
		};
		DB9F111A2979987900AD0C97 /* Products */ = {
			isa = PBXGroup;
			children = (
				DB9F11192979987900AD0C97 /* idm362-dpa35.app */,
				DB9F112F2979987C00AD0C97 /* idm362-dpa35Tests.xctest */,
				DB9F11392979987C00AD0C97 /* idm362-dpa35UITests.xctest */,
			);
			name = Products;
			sourceTree = "<group>";
		};
		DB9F111B2979987900AD0C97 /* idm362-dpa35 */ = {
			isa = PBXGroup;
			children = (
				DBE4817229B4FAB200C20915 /* ViewControllerCounterThree.swift */,
				DB9F111C2979987900AD0C97 /* AppDelegate.swift */,
				DB9F111E2979987900AD0C97 /* SceneDelegate.swift */,
				DB9F11202979987900AD0C97 /* ViewController.swift */,
				DB9F11222979987900AD0C97 /* Main.storyboard */,
				DB39A5E329C34D11002FF674 /* HomeViewController.swift */,
				DBA9247829C2593F00233F12 /* ViewControllerLifePage.swift */,
				DBE4817429B5452D00C20915 /* ViewControllerCounterTwo.swift */,
				DB1F9CA1299556FB00C2482A /* ViewControllerCounter.swift */,
				DB9F11252979987B00AD0C97 /* Assets.xcassets */,
				DB9F11272979987B00AD0C97 /* LaunchScreen.storyboard */,
				DB9F112A2979987B00AD0C97 /* Info.plist */,
			);
			path = "idm362-dpa35";
			sourceTree = "<group>";
		};
		DB9F11322979987C00AD0C97 /* idm362-dpa35Tests */ = {
			isa = PBXGroup;
			children = (
				DB9F11332979987C00AD0C97 /* idm362_dpa35Tests.swift */,
			);
			path = "idm362-dpa35Tests";
			sourceTree = "<group>";
		};
		DB9F113C2979987C00AD0C97 /* idm362-dpa35UITests */ = {
			isa = PBXGroup;
			children = (
				DB9F113D2979987C00AD0C97 /* idm362_dpa35UITests.swift */,
				DB9F113F2979987C00AD0C97 /* idm362_dpa35UITestsLaunchTests.swift */,
			);
			path = "idm362-dpa35UITests";
			sourceTree = "<group>";
		};
/* End PBXGroup section */

/* Begin PBXNativeTarget section */
		DB9F11182979987900AD0C97 /* idm362-dpa35 */ = {
			isa = PBXNativeTarget;
			buildConfigurationList = DB9F11432979987C00AD0C97 /* Build configuration list for PBXNativeTarget "idm362-dpa35" */;
			buildPhases = (
				DB9F11152979987900AD0C97 /* Sources */,
				DB9F11162979987900AD0C97 /* Frameworks */,
				DB9F11172979987900AD0C97 /* Resources */,
			);
			buildRules = (
			);
			dependencies = (
			);
			name = "idm362-dpa35";
			productName = "idm362-dpa35";
			productReference = DB9F11192979987900AD0C97 /* idm362-dpa35.app */;
			productType = "com.apple.product-type.application";
		};
		DB9F112E2979987C00AD0C97 /* idm362-dpa35Tests */ = {
			isa = PBXNativeTarget;
			buildConfigurationList = DB9F11462979987C00AD0C97 /* Build configuration list for PBXNativeTarget "idm362-dpa35Tests" */;
			buildPhases = (
				DB9F112B2979987C00AD0C97 /* Sources */,
				DB9F112C2979987C00AD0C97 /* Frameworks */,
				DB9F112D2979987C00AD0C97 /* Resources */,
			);
			buildRules = (
			);
			dependencies = (
				DB9F11312979987C00AD0C97 /* PBXTargetDependency */,
			);
			name = "idm362-dpa35Tests";
			productName = "idm362-dpa35Tests";
			productReference = DB9F112F2979987C00AD0C97 /* idm362-dpa35Tests.xctest */;
			productType = "com.apple.product-type.bundle.unit-test";
		};
		DB9F11382979987C00AD0C97 /* idm362-dpa35UITests */ = {
			isa = PBXNativeTarget;
			buildConfigurationList = DB9F11492979987C00AD0C97 /* Build configuration list for PBXNativeTarget "idm362-dpa35UITests" */;
			buildPhases = (
				DB9F11352979987C00AD0C97 /* Sources */,
				DB9F11362979987C00AD0C97 /* Frameworks */,
				DB9F11372979987C00AD0C97 /* Resources */,
			);
			buildRules = (
			);
			dependencies = (
				DB9F113B2979987C00AD0C97 /* PBXTargetDependency */,
			);
			name = "idm362-dpa35UITests";
			productName = "idm362-dpa35UITests";
			productReference = DB9F11392979987C00AD0C97 /* idm362-dpa35UITests.xctest */;
			productType = "com.apple.product-type.bundle.ui-testing";
		};
/* End PBXNativeTarget section */

/* Begin PBXProject section */
		DB9F11112979987900AD0C97 /* Project object */ = {
			isa = PBXProject;
			attributes = {
				BuildIndependentTargetsInParallel = 1;
				LastSwiftUpdateCheck = 1420;
				LastUpgradeCheck = 1420;
				TargetAttributes = {
					DB9F11182979987900AD0C97 = {
						CreatedOnToolsVersion = 14.2;
					};
					DB9F112E2979987C00AD0C97 = {
						CreatedOnToolsVersion = 14.2;
						TestTargetID = DB9F11182979987900AD0C97;
					};
					DB9F11382979987C00AD0C97 = {
						CreatedOnToolsVersion = 14.2;
						TestTargetID = DB9F11182979987900AD0C97;
					};
				};
			};
			buildConfigurationList = DB9F11142979987900AD0C97 /* Build configuration list for PBXProject "idm362-dpa35" */;
			compatibilityVersion = "Xcode 14.0";
			developmentRegion = en;
			hasScannedForEncodings = 0;
			knownRegions = (
				en,
				Base,
			);
			mainGroup = DB9F11102979987900AD0C97;
			productRefGroup = DB9F111A2979987900AD0C97 /* Products */;
			projectDirPath = "";
			projectRoot = "";
			targets = (
				DB9F11182979987900AD0C97 /* idm362-dpa35 */,
				DB9F112E2979987C00AD0C97 /* idm362-dpa35Tests */,
				DB9F11382979987C00AD0C97 /* idm362-dpa35UITests */,
			);
		};
/* End PBXProject section */

/* Begin PBXResourcesBuildPhase section */
		DB9F11172979987900AD0C97 /* Resources */ = {
			isa = PBXResourcesBuildPhase;
			buildActionMask = 2147483647;
			files = (
				DB9F11292979987B00AD0C97 /* LaunchScreen.storyboard in Resources */,
				DB9F11262979987B00AD0C97 /* Assets.xcassets in Resources */,
				DB9F11242979987900AD0C97 /* Main.storyboard in Resources */,
			);
			runOnlyForDeploymentPostprocessing = 0;
		};
		DB9F112D2979987C00AD0C97 /* Resources */ = {
			isa = PBXResourcesBuildPhase;
			buildActionMask = 2147483647;
			files = (
			);
			runOnlyForDeploymentPostprocessing = 0;
		};
		DB9F11372979987C00AD0C97 /* Resources */ = {
			isa = PBXResourcesBuildPhase;
			buildActionMask = 2147483647;
			files = (
			);
			runOnlyForDeploymentPostprocessing = 0;
		};
/* End PBXResourcesBuildPhase section */

/* Begin PBXSourcesBuildPhase section */
		DB9F11152979987900AD0C97 /* Sources */ = {
			isa = PBXSourcesBuildPhase;
			buildActionMask = 2147483647;
			files = (
				DB9F11212979987900AD0C97 /* ViewController.swift in Sources */,
				DB1F9CA2299556FB00C2482A /* ViewControllerCounter.swift in Sources */,
				DB9F111D2979987900AD0C97 /* AppDelegate.swift in Sources */,
				DB39A5E429C34D11002FF674 /* HomeViewController.swift in Sources */,
				DBE4817329B4FAB200C20915 /* ViewControllerCounterThree.swift in Sources */,
				DB9F111F2979987900AD0C97 /* SceneDelegate.swift in Sources */,
				DBE4817529B5452D00C20915 /* ViewControllerCounterTwo.swift in Sources */,
				DBA9247929C2593F00233F12 /* ViewControllerLifePage.swift in Sources */,
			);
			runOnlyForDeploymentPostprocessing = 0;
		};
		DB9F112B2979987C00AD0C97 /* Sources */ = {
			isa = PBXSourcesBuildPhase;
			buildActionMask = 2147483647;
			files = (
				DB9F11342979987C00AD0C97 /* idm362_dpa35Tests.swift in Sources */,
			);
			runOnlyForDeploymentPostprocessing = 0;
		};
		DB9F11352979987C00AD0C97 /* Sources */ = {
			isa = PBXSourcesBuildPhase;
			buildActionMask = 2147483647;
			files = (
				DB9F113E2979987C00AD0C97 /* idm362_dpa35UITests.swift in Sources */,
				DB9F11402979987C00AD0C97 /* idm362_dpa35UITestsLaunchTests.swift in Sources */,
			);
			runOnlyForDeploymentPostprocessing = 0;
		};
/* End PBXSourcesBuildPhase section */

/* Begin PBXTargetDependency section */
		DB9F11312979987C00AD0C97 /* PBXTargetDependency */ = {
			isa = PBXTargetDependency;
			target = DB9F11182979987900AD0C97 /* idm362-dpa35 */;
			targetProxy = DB9F11302979987C00AD0C97 /* PBXContainerItemProxy */;
		};
		DB9F113B2979987C00AD0C97 /* PBXTargetDependency */ = {
			isa = PBXTargetDependency;
			target = DB9F11182979987900AD0C97 /* idm362-dpa35 */;
			targetProxy = DB9F113A2979987C00AD0C97 /* PBXContainerItemProxy */;
		};
/* End PBXTargetDependency section */

/* Begin PBXVariantGroup section */
		DB9F11222979987900AD0C97 /* Main.storyboard */ = {
			isa = PBXVariantGroup;
			children = (
				DB9F11232979987900AD0C97 /* Base */,
			);
			name = Main.storyboard;
			sourceTree = "<group>";
		};
		DB9F11272979987B00AD0C97 /* LaunchScreen.storyboard */ = {
			isa = PBXVariantGroup;
			children = (
				DB9F11282979987B00AD0C97 /* Base */,
			);
			name = LaunchScreen.storyboard;
			sourceTree = "<group>";
		};
/* End PBXVariantGroup section */

/* Begin XCBuildConfiguration section */
		DB9F11412979987C00AD0C97 /* Debug */ = {
			isa = XCBuildConfiguration;
			buildSettings = {
				ALWAYS_SEARCH_USER_PATHS = NO;
				CLANG_ANALYZER_NONNULL = YES;
				CLANG_ANALYZER_NUMBER_OBJECT_CONVERSION = YES_AGGRESSIVE;
				CLANG_CXX_LANGUAGE_STANDARD = "gnu++20";
				CLANG_ENABLE_MODULES = YES;
				CLANG_ENABLE_OBJC_ARC = YES;
				CLANG_ENABLE_OBJC_WEAK = YES;
				CLANG_WARN_BLOCK_CAPTURE_AUTORELEASING = YES;
				CLANG_WARN_BOOL_CONVERSION = YES;
				CLANG_WARN_COMMA = YES;
				CLANG_WARN_CONSTANT_CONVERSION = YES;
				CLANG_WARN_DEPRECATED_OBJC_IMPLEMENTATIONS = YES;
				CLANG_WARN_DIRECT_OBJC_ISA_USAGE = YES_ERROR;
				CLANG_WARN_DOCUMENTATION_COMMENTS = YES;
				CLANG_WARN_EMPTY_BODY = YES;
				CLANG_WARN_ENUM_CONVERSION = YES;
				CLANG_WARN_INFINITE_RECURSION = YES;
				CLANG_WARN_INT_CONVERSION = YES;
				CLANG_WARN_NON_LITERAL_NULL_CONVERSION = YES;
				CLANG_WARN_OBJC_IMPLICIT_RETAIN_SELF = YES;
				CLANG_WARN_OBJC_LITERAL_CONVERSION = YES;
				CLANG_WARN_OBJC_ROOT_CLASS = YES_ERROR;
				CLANG_WARN_QUOTED_INCLUDE_IN_FRAMEWORK_HEADER = YES;
				CLANG_WARN_RANGE_LOOP_ANALYSIS = YES;
				CLANG_WARN_STRICT_PROTOTYPES = YES;
				CLANG_WARN_SUSPICIOUS_MOVE = YES;
				CLANG_WARN_UNGUARDED_AVAILABILITY = YES_AGGRESSIVE;
				CLANG_WARN_UNREACHABLE_CODE = YES;
				CLANG_WARN__DUPLICATE_METHOD_MATCH = YES;
				COPY_PHASE_STRIP = NO;
				DEBUG_INFORMATION_FORMAT = dwarf;
				ENABLE_STRICT_OBJC_MSGSEND = YES;
				ENABLE_TESTABILITY = YES;
				GCC_C_LANGUAGE_STANDARD = gnu11;
				GCC_DYNAMIC_NO_PIC = NO;
				GCC_NO_COMMON_BLOCKS = YES;
				GCC_OPTIMIZATION_LEVEL = 0;
				GCC_PREPROCESSOR_DEFINITIONS = (
					"DEBUG=1",
					"$(inherited)",
				);
				GCC_WARN_64_TO_32_BIT_CONVERSION = YES;
				GCC_WARN_ABOUT_RETURN_TYPE = YES_ERROR;
				GCC_WARN_UNDECLARED_SELECTOR = YES;
				GCC_WARN_UNINITIALIZED_AUTOS = YES_AGGRESSIVE;
				GCC_WARN_UNUSED_FUNCTION = YES;
				GCC_WARN_UNUSED_VARIABLE = YES;
				IPHONEOS_DEPLOYMENT_TARGET = 16.2;
				MTL_ENABLE_DEBUG_INFO = INCLUDE_SOURCE;
				MTL_FAST_MATH = YES;
				ONLY_ACTIVE_ARCH = YES;
				SDKROOT = iphoneos;
				SWIFT_ACTIVE_COMPILATION_CONDITIONS = DEBUG;
				SWIFT_OPTIMIZATION_LEVEL = "-Onone";
			};
			name = Debug;
		};
		DB9F11422979987C00AD0C97 /* Release */ = {
			isa = XCBuildConfiguration;
			buildSettings = {
				ALWAYS_SEARCH_USER_PATHS = NO;
				CLANG_ANALYZER_NONNULL = YES;
				CLANG_ANALYZER_NUMBER_OBJECT_CONVERSION = YES_AGGRESSIVE;
				CLANG_CXX_LANGUAGE_STANDARD = "gnu++20";
				CLANG_ENABLE_MODULES = YES;
				CLANG_ENABLE_OBJC_ARC = YES;
				CLANG_ENABLE_OBJC_WEAK = YES;
				CLANG_WARN_BLOCK_CAPTURE_AUTORELEASING = YES;
				CLANG_WARN_BOOL_CONVERSION = YES;
				CLANG_WARN_COMMA = YES;
				CLANG_WARN_CONSTANT_CONVERSION = YES;
				CLANG_WARN_DEPRECATED_OBJC_IMPLEMENTATIONS = YES;
				CLANG_WARN_DIRECT_OBJC_ISA_USAGE = YES_ERROR;
				CLANG_WARN_DOCUMENTATION_COMMENTS = YES;
				CLANG_WARN_EMPTY_BODY = YES;
				CLANG_WARN_ENUM_CONVERSION = YES;
				CLANG_WARN_INFINITE_RECURSION = YES;
				CLANG_WARN_INT_CONVERSION = YES;
				CLANG_WARN_NON_LITERAL_NULL_CONVERSION = YES;
				CLANG_WARN_OBJC_IMPLICIT_RETAIN_SELF = YES;
				CLANG_WARN_OBJC_LITERAL_CONVERSION = YES;
				CLANG_WARN_OBJC_ROOT_CLASS = YES_ERROR;
				CLANG_WARN_QUOTED_INCLUDE_IN_FRAMEWORK_HEADER = YES;
				CLANG_WARN_RANGE_LOOP_ANALYSIS = YES;
				CLANG_WARN_STRICT_PROTOTYPES = YES;
				CLANG_WARN_SUSPICIOUS_MOVE = YES;
				CLANG_WARN_UNGUARDED_AVAILABILITY = YES_AGGRESSIVE;
				CLANG_WARN_UNREACHABLE_CODE = YES;
				CLANG_WARN__DUPLICATE_METHOD_MATCH = YES;
				COPY_PHASE_STRIP = NO;
				DEBUG_INFORMATION_FORMAT = "dwarf-with-dsym";
				ENABLE_NS_ASSERTIONS = NO;
				ENABLE_STRICT_OBJC_MSGSEND = YES;
				GCC_C_LANGUAGE_STANDARD = gnu11;
				GCC_NO_COMMON_BLOCKS = YES;
				GCC_WARN_64_TO_32_BIT_CONVERSION = YES;
				GCC_WARN_ABOUT_RETURN_TYPE = YES_ERROR;
				GCC_WARN_UNDECLARED_SELECTOR = YES;
				GCC_WARN_UNINITIALIZED_AUTOS = YES_AGGRESSIVE;
				GCC_WARN_UNUSED_FUNCTION = YES;
				GCC_WARN_UNUSED_VARIABLE = YES;
				IPHONEOS_DEPLOYMENT_TARGET = 16.2;
				MTL_ENABLE_DEBUG_INFO = NO;
				MTL_FAST_MATH = YES;
				SDKROOT = iphoneos;
				SWIFT_COMPILATION_MODE = wholemodule;
				SWIFT_OPTIMIZATION_LEVEL = "-O";
				VALIDATE_PRODUCT = YES;
			};
			name = Release;
		};
		DB9F11442979987C00AD0C97 /* Debug */ = {
			isa = XCBuildConfiguration;
			buildSettings = {
				ASSETCATALOG_COMPILER_APPICON_NAME = AppIcon;
				ASSETCATALOG_COMPILER_GLOBAL_ACCENT_COLOR_NAME = AccentColor;
				CODE_SIGN_STYLE = Automatic;
				CURRENT_PROJECT_VERSION = 1;
				GENERATE_INFOPLIST_FILE = YES;
				INFOPLIST_FILE = "idm362-dpa35/Info.plist";
				INFOPLIST_KEY_CFBundleDisplayName = "Pocket Dice";
				INFOPLIST_KEY_UIApplicationSupportsIndirectInputEvents = YES;
				INFOPLIST_KEY_UILaunchStoryboardName = LaunchScreen;
				INFOPLIST_KEY_UIMainStoryboardFile = Main;
				INFOPLIST_KEY_UISupportedInterfaceOrientations = UIInterfaceOrientationPortrait;
				LD_RUNPATH_SEARCH_PATHS = (
					"$(inherited)",
					"@executable_path/Frameworks",
				);
				MARKETING_VERSION = 1.0;
				PRODUCT_BUNDLE_IDENTIFIER = "com.durandoangiulo.idm362-dpa35";
				PRODUCT_NAME = "$(TARGET_NAME)";
				SWIFT_EMIT_LOC_STRINGS = YES;
				SWIFT_VERSION = 5.0;
				TARGETED_DEVICE_FAMILY = "1,2";
			};
			name = Debug;
		};
		DB9F11452979987C00AD0C97 /* Release */ = {
			isa = XCBuildConfiguration;
			buildSettings = {
				ASSETCATALOG_COMPILER_APPICON_NAME = AppIcon;
				ASSETCATALOG_COMPILER_GLOBAL_ACCENT_COLOR_NAME = AccentColor;
				CODE_SIGN_STYLE = Automatic;
				CURRENT_PROJECT_VERSION = 1;
				GENERATE_INFOPLIST_FILE = YES;
				INFOPLIST_FILE = "idm362-dpa35/Info.plist";
				INFOPLIST_KEY_CFBundleDisplayName = "Pocket Dice";
				INFOPLIST_KEY_UIApplicationSupportsIndirectInputEvents = YES;
				INFOPLIST_KEY_UILaunchStoryboardName = LaunchScreen;
				INFOPLIST_KEY_UIMainStoryboardFile = Main;
				INFOPLIST_KEY_UISupportedInterfaceOrientations = UIInterfaceOrientationPortrait;
				LD_RUNPATH_SEARCH_PATHS = (
					"$(inherited)",
					"@executable_path/Frameworks",
				);
				MARKETING_VERSION = 1.0;
				PRODUCT_BUNDLE_IDENTIFIER = "com.durandoangiulo.idm362-dpa35";
				PRODUCT_NAME = "$(TARGET_NAME)";
				SWIFT_EMIT_LOC_STRINGS = YES;
				SWIFT_VERSION = 5.0;
				TARGETED_DEVICE_FAMILY = "1,2";
			};
			name = Release;
		};
		DB9F11472979987C00AD0C97 /* Debug */ = {
			isa = XCBuildConfiguration;
			buildSettings = {
				ALWAYS_EMBED_SWIFT_STANDARD_LIBRARIES = YES;
				BUNDLE_LOADER = "$(TEST_HOST)";
				CODE_SIGN_STYLE = Automatic;
				CURRENT_PROJECT_VERSION = 1;
				GENERATE_INFOPLIST_FILE = YES;
				IPHONEOS_DEPLOYMENT_TARGET = 16.2;
				MARKETING_VERSION = 1.0;
				PRODUCT_BUNDLE_IDENTIFIER = "com.durandoangiulo.idm362-dpa35Tests";
				PRODUCT_NAME = "$(TARGET_NAME)";
				SWIFT_EMIT_LOC_STRINGS = NO;
				SWIFT_VERSION = 5.0;
				TARGETED_DEVICE_FAMILY = "1,2";
				TEST_HOST = "$(BUILT_PRODUCTS_DIR)/idm362-dpa35.app/$(BUNDLE_EXECUTABLE_FOLDER_PATH)/idm362-dpa35";
			};
			name = Debug;
		};
		DB9F11482979987C00AD0C97 /* Release */ = {
			isa = XCBuildConfiguration;
			buildSettings = {
				ALWAYS_EMBED_SWIFT_STANDARD_LIBRARIES = YES;
				BUNDLE_LOADER = "$(TEST_HOST)";
				CODE_SIGN_STYLE = Automatic;
				CURRENT_PROJECT_VERSION = 1;
				GENERATE_INFOPLIST_FILE = YES;
				IPHONEOS_DEPLOYMENT_TARGET = 16.2;
				MARKETING_VERSION = 1.0;
				PRODUCT_BUNDLE_IDENTIFIER = "com.durandoangiulo.idm362-dpa35Tests";
				PRODUCT_NAME = "$(TARGET_NAME)";
				SWIFT_EMIT_LOC_STRINGS = NO;
				SWIFT_VERSION = 5.0;
				TARGETED_DEVICE_FAMILY = "1,2";
				TEST_HOST = "$(BUILT_PRODUCTS_DIR)/idm362-dpa35.app/$(BUNDLE_EXECUTABLE_FOLDER_PATH)/idm362-dpa35";
			};
			name = Release;
		};
		DB9F114A2979987C00AD0C97 /* Debug */ = {
			isa = XCBuildConfiguration;
			buildSettings = {
				ALWAYS_EMBED_SWIFT_STANDARD_LIBRARIES = YES;
				CODE_SIGN_STYLE = Automatic;
				CURRENT_PROJECT_VERSION = 1;
				GENERATE_INFOPLIST_FILE = YES;
				MARKETING_VERSION = 1.0;
				PRODUCT_BUNDLE_IDENTIFIER = "com.durandoangiulo.idm362-dpa35UITests";
				PRODUCT_NAME = "$(TARGET_NAME)";
				SWIFT_EMIT_LOC_STRINGS = NO;
				SWIFT_VERSION = 5.0;
				TARGETED_DEVICE_FAMILY = "1,2";
				TEST_TARGET_NAME = "idm362-dpa35";
			};
			name = Debug;
		};
		DB9F114B2979987C00AD0C97 /* Release */ = {
			isa = XCBuildConfiguration;
			buildSettings = {
				ALWAYS_EMBED_SWIFT_STANDARD_LIBRARIES = YES;
				CODE_SIGN_STYLE = Automatic;
				CURRENT_PROJECT_VERSION = 1;
				GENERATE_INFOPLIST_FILE = YES;
				MARKETING_VERSION = 1.0;
				PRODUCT_BUNDLE_IDENTIFIER = "com.durandoangiulo.idm362-dpa35UITests";
				PRODUCT_NAME = "$(TARGET_NAME)";
				SWIFT_EMIT_LOC_STRINGS = NO;
				SWIFT_VERSION = 5.0;
				TARGETED_DEVICE_FAMILY = "1,2";
				TEST_TARGET_NAME = "idm362-dpa35";
			};
			name = Release;
		};
/* End XCBuildConfiguration section */

/* Begin XCConfigurationList section */
		DB9F11142979987900AD0C97 /* Build configuration list for PBXProject "idm362-dpa35" */ = {
			isa = XCConfigurationList;
			buildConfigurations = (
				DB9F11412979987C00AD0C97 /* Debug */,
				DB9F11422979987C00AD0C97 /* Release */,
			);
			defaultConfigurationIsVisible = 0;
			defaultConfigurationName = Release;
		};
		DB9F11432979987C00AD0C97 /* Build configuration list for PBXNativeTarget "idm362-dpa35" */ = {
			isa = XCConfigurationList;
			buildConfigurations = (
				DB9F11442979987C00AD0C97 /* Debug */,
				DB9F11452979987C00AD0C97 /* Release */,
			);
			defaultConfigurationIsVisible = 0;
			defaultConfigurationName = Release;
		};
		DB9F11462979987C00AD0C97 /* Build configuration list for PBXNativeTarget "idm362-dpa35Tests" */ = {
			isa = XCConfigurationList;
			buildConfigurations = (
				DB9F11472979987C00AD0C97 /* Debug */,
				DB9F11482979987C00AD0C97 /* Release */,
			);
			defaultConfigurationIsVisible = 0;
			defaultConfigurationName = Release;
		};
		DB9F11492979987C00AD0C97 /* Build configuration list for PBXNativeTarget "idm362-dpa35UITests" */ = {
			isa = XCConfigurationList;
			buildConfigurations = (
				DB9F114A2979987C00AD0C97 /* Debug */,
				DB9F114B2979987C00AD0C97 /* Release */,
			);
			defaultConfigurationIsVisible = 0;
			defaultConfigurationName = Release;
		};
/* End XCConfigurationList section */
	};
	rootObject = DB9F11112979987900AD0C97 /* Project object */;
}
